
Microsoft Visual Studio Solution File, Format Version 12.00
# Visual Studio Version 16
VisualStudioVersion = 16.0.30413.136
MinimumVisualStudioVersion = 10.0.40219.1
Project("{FAE04EC0-301F-11D3-BF4B-00C04F79EFBC}") = "DuyuTekStokApp", "DuyuTekStokApp\DuyuTekStokApp.csproj", "{F47B1D62-4CE9-410C-A052-793597868DDB}"
EndProject
Project("{54435603-DBB4-11D2-8724-00A0C9A8B90C}") = "DuyuTekSetup", "DuyuTekSetup\DuyuTekSetup.vdproj", "{E168F6BA-C5F9-4440-876E-F7926411B008}"
EndProject
Global
	GlobalSection(SolutionConfigurationPlatforms) = preSolution
		Debug|Any CPU = Debug|Any CPU
		Release|Any CPU = Release|Any CPU
	EndGlobalSection
	GlobalSection(ProjectConfigurationPlatforms) = postSolution
		{F47B1D62-4CE9-410C-A052-793597868DDB}.Debug|Any CPU.ActiveCfg = Debug|Any CPU
		{F47B1D62-4CE9-410C-A052-793597868DDB}.Debug|Any CPU.Build.0 = Debug|Any CPU
		{F47B1D62-4CE9-410C-A052-793597868DDB}.Release|Any CPU.ActiveCfg = Release|Any CPU
		{F47B1D62-4CE9-410C-A052-793597868DDB}.Release|Any CPU.Build.0 = Release|Any CPU
		{E168F6BA-C5F9-4440-876E-F7926411B008}.Debug|Any CPU.ActiveCfg = Debug
		{E168F6BA-C5F9-4440-876E-F7926411B008}.Release|Any CPU.ActiveCfg = Release
	EndGlobalSection
	GlobalSection(SolutionProperties) = preSolution
		HideSolutionNode = FALSE
	EndGlobalSection
	GlobalSection(ExtensibilityGlobals) = postSolution
		SolutionGuid = {02592341-469C-45EA-947B-B7AFB8A54136}
	EndGlobalSection
EndGlobal
